// !$*UTF8*$!
{
	archiveVersion = 1;
	classes = {
	};
	objectVersion = 56;
	objects = {

/* Begin PBXBuildFile section */
		09D669AE28DADD50004F73CC /* AssessmentApp.swift in Sources */ = {isa = PBXBuildFile; fileRef = 09D669AD28DADD50004F73CC /* AssessmentApp.swift */; };
		09D669B028DADD50004F73CC /* ContentView.swift in Sources */ = {isa = PBXBuildFile; fileRef = 09D669AF28DADD50004F73CC /* ContentView.swift */; };
		09D669B228DADD52004F73CC /* Assets.xcassets in Resources */ = {isa = PBXBuildFile; fileRef = 09D669B128DADD52004F73CC /* Assets.xcassets */; };
		09D669B528DADD52004F73CC /* Preview Assets.xcassets in Resources */ = {isa = PBXBuildFile; fileRef = 09D669B428DADD52004F73CC /* Preview Assets.xcassets */; };
		09D669BD28DADDB9004F73CC /* LocationManager.swift in Sources */ = {isa = PBXBuildFile; fileRef = 09D669BC28DADDB9004F73CC /* LocationManager.swift */; };
		09D669C428DAE3D5004F73CC /* WeatherManager.swift in Sources */ = {isa = PBXBuildFile; fileRef = 09D669C328DAE3D5004F73CC /* WeatherManager.swift */; };
		09D669CA28DAE696004F73CC /* WeatherData.swift in Sources */ = {isa = PBXBuildFile; fileRef = 09D669C928DAE696004F73CC /* WeatherData.swift */; };
		09D669D328DAF1DB004F73CC /* Constants.swift in Sources */ = {isa = PBXBuildFile; fileRef = 09D669D228DAF1DB004F73CC /* Constants.swift */; };
		09D669D628DAFFD3004F73CC /* CurrentViewModel.swift in Sources */ = {isa = PBXBuildFile; fileRef = 09D669D528DAFFD3004F73CC /* CurrentViewModel.swift */; };
		09F081CD28DB153700075468 /* ApiClient.swift in Sources */ = {isa = PBXBuildFile; fileRef = 09F081CC28DB153700075468 /* ApiClient.swift */; };
		09F081CF28DB6AAA00075468 /* HeaderView.swift in Sources */ = {isa = PBXBuildFile; fileRef = 09F081CE28DB6AAA00075468 /* HeaderView.swift */; };
		09F081D728DBBC3D00075468 /* Utils.swift in Sources */ = {isa = PBXBuildFile; fileRef = 09F081D628DBBC3D00075468 /* Utils.swift */; };
		09F081DF28DE075B00075468 /* Forecast.swift in Sources */ = {isa = PBXBuildFile; fileRef = 09F081DE28DE075B00075468 /* Forecast.swift */; };
		09F081E328DE66EF00075468 /* ForecastView.swift in Sources */ = {isa = PBXBuildFile; fileRef = 09F081E228DE66EF00075468 /* ForecastView.swift */; };
		09F081E728E0D73100075468 /* ForecastViewModel.swift in Sources */ = {isa = PBXBuildFile; fileRef = 09F081E628E0D73100075468 /* ForecastViewModel.swift */; };
		09F081E928E0DB8300075468 /* DuplicateHelper.swift in Sources */ = {isa = PBXBuildFile; fileRef = 09F081E828E0DB8300075468 /* DuplicateHelper.swift */; };
		09F081EB28E0DC3800075468 /* DailyForecast.swift in Sources */ = {isa = PBXBuildFile; fileRef = 09F081EA28E0DC3800075468 /* DailyForecast.swift */; };
		09F081FE28E1152600075468 /* NetworkManager.swift in Sources */ = {isa = PBXBuildFile; fileRef = 09F081FD28E1152600075468 /* NetworkManager.swift */; };
/* End PBXBuildFile section */

/* Begin PBXContainerItemProxy section */
		09F081F428E1039800075468 /* PBXContainerItemProxy */ = {
			isa = PBXContainerItemProxy;
			containerPortal = 09D669A228DADD50004F73CC /* Project object */;
			proxyType = 1;
			remoteGlobalIDString = 09D669A928DADD50004F73CC;
			remoteInfo = Assessment;
		};
/* End PBXContainerItemProxy section */

/* Begin PBXFileReference section */
		09D669AA28DADD50004F73CC /* Assessment.app */ = {isa = PBXFileReference; explicitFileType = wrapper.application; includeInIndex = 0; path = Assessment.app; sourceTree = BUILT_PRODUCTS_DIR; };
		09D669AD28DADD50004F73CC /* AssessmentApp.swift */ = {isa = PBXFileReference; lastKnownFileType = sourcecode.swift; path = AssessmentApp.swift; sourceTree = "<group>"; };
		09D669AF28DADD50004F73CC /* ContentView.swift */ = {isa = PBXFileReference; lastKnownFileType = sourcecode.swift; path = ContentView.swift; sourceTree = "<group>"; };
		09D669B128DADD52004F73CC /* Assets.xcassets */ = {isa = PBXFileReference; lastKnownFileType = folder.assetcatalog; path = Assets.xcassets; sourceTree = "<group>"; };
		09D669B428DADD52004F73CC /* Preview Assets.xcassets */ = {isa = PBXFileReference; lastKnownFileType = folder.assetcatalog; path = "Preview Assets.xcassets"; sourceTree = "<group>"; };
		09D669BC28DADDB9004F73CC /* LocationManager.swift */ = {isa = PBXFileReference; lastKnownFileType = sourcecode.swift; path = LocationManager.swift; sourceTree = "<group>"; };
		09D669C328DAE3D5004F73CC /* WeatherManager.swift */ = {isa = PBXFileReference; lastKnownFileType = sourcecode.swift; path = WeatherManager.swift; sourceTree = "<group>"; };
		09D669C928DAE696004F73CC /* WeatherData.swift */ = {isa = PBXFileReference; lastKnownFileType = sourcecode.swift; path = WeatherData.swift; sourceTree = "<group>"; };
		09D669D228DAF1DB004F73CC /* Constants.swift */ = {isa = PBXFileReference; lastKnownFileType = sourcecode.swift; path = Constants.swift; sourceTree = "<group>"; };
		09D669D528DAFFD3004F73CC /* CurrentViewModel.swift */ = {isa = PBXFileReference; lastKnownFileType = sourcecode.swift; path = CurrentViewModel.swift; sourceTree = "<group>"; };
		09F081CC28DB153700075468 /* ApiClient.swift */ = {isa = PBXFileReference; lastKnownFileType = sourcecode.swift; path = ApiClient.swift; sourceTree = "<group>"; };
		09F081CE28DB6AAA00075468 /* HeaderView.swift */ = {isa = PBXFileReference; lastKnownFileType = sourcecode.swift; path = HeaderView.swift; sourceTree = "<group>"; };
		09F081D628DBBC3D00075468 /* Utils.swift */ = {isa = PBXFileReference; lastKnownFileType = sourcecode.swift; path = Utils.swift; sourceTree = "<group>"; };
		09F081DE28DE075B00075468 /* Forecast.swift */ = {isa = PBXFileReference; lastKnownFileType = sourcecode.swift; path = Forecast.swift; sourceTree = "<group>"; };
		09F081E228DE66EF00075468 /* ForecastView.swift */ = {isa = PBXFileReference; lastKnownFileType = sourcecode.swift; path = ForecastView.swift; sourceTree = "<group>"; };
		09F081E628E0D73100075468 /* ForecastViewModel.swift */ = {isa = PBXFileReference; lastKnownFileType = sourcecode.swift; path = ForecastViewModel.swift; sourceTree = "<group>"; };
		09F081E828E0DB8300075468 /* DuplicateHelper.swift */ = {isa = PBXFileReference; lastKnownFileType = sourcecode.swift; path = DuplicateHelper.swift; sourceTree = "<group>"; };
		09F081EA28E0DC3800075468 /* DailyForecast.swift */ = {isa = PBXFileReference; lastKnownFileType = sourcecode.swift; path = DailyForecast.swift; sourceTree = "<group>"; };
		09F081F028E1039800075468 /* AssessmentTests.xctest */ = {isa = PBXFileReference; explicitFileType = wrapper.cfbundle; includeInIndex = 0; path = AssessmentTests.xctest; sourceTree = BUILT_PRODUCTS_DIR; };
		09F081FD28E1152600075468 /* NetworkManager.swift */ = {isa = PBXFileReference; lastKnownFileType = sourcecode.swift; path = NetworkManager.swift; sourceTree = "<group>"; };
		09F081FF28E11B4600075468 /* Info.plist */ = {isa = PBXFileReference; lastKnownFileType = text.plist; path = Info.plist; sourceTree = "<group>"; };
/* End PBXFileReference section */

/* Begin PBXFrameworksBuildPhase section */
		09D669A728DADD50004F73CC /* Frameworks */ = {
			isa = PBXFrameworksBuildPhase;
			buildActionMask = 2147483647;
			files = (
			);
			runOnlyForDeploymentPostprocessing = 0;
		};
		09F081ED28E1039800075468 /* Frameworks */ = {
			isa = PBXFrameworksBuildPhase;
			buildActionMask = 2147483647;
			files = (
			);
			runOnlyForDeploymentPostprocessing = 0;
		};
/* End PBXFrameworksBuildPhase section */

/* Begin PBXGroup section */
		09D669A128DADD50004F73CC = {
			isa = PBXGroup;
			children = (
				09D669AC28DADD50004F73CC /* Assessment */,
				09F081F128E1039800075468 /* AssessmentTests */,
				09D669AB28DADD50004F73CC /* Products */,
			);
			sourceTree = "<group>";
		};
		09D669AB28DADD50004F73CC /* Products */ = {
			isa = PBXGroup;
			children = (
				09D669AA28DADD50004F73CC /* Assessment.app */,
				09F081F028E1039800075468 /* AssessmentTests.xctest */,
			);
			name = Products;
			sourceTree = "<group>";
		};
		09D669AC28DADD50004F73CC /* Assessment */ = {
			isa = PBXGroup;
			children = (
				09F081FF28E11B4600075468 /* Info.plist */,
				09D669D428DAFFBD004F73CC /* ViewModels */,
				09D669D128DAF1CC004F73CC /* Utils */,
				09D669C828DAE686004F73CC /* Models */,
				09D669BE28DADF43004F73CC /* Views */,
				09D669BB28DADDA6004F73CC /* Managers */,
				09D669AD28DADD50004F73CC /* AssessmentApp.swift */,
				09D669B128DADD52004F73CC /* Assets.xcassets */,
				09D669B328DADD52004F73CC /* Preview Content */,
			);
			path = Assessment;
			sourceTree = "<group>";
		};
		09D669B328DADD52004F73CC /* Preview Content */ = {
			isa = PBXGroup;
			children = (
				09D669B428DADD52004F73CC /* Preview Assets.xcassets */,
			);
			path = "Preview Content";
			sourceTree = "<group>";
		};
		09D669BB28DADDA6004F73CC /* Managers */ = {
			isa = PBXGroup;
			children = (
				09D669BC28DADDB9004F73CC /* LocationManager.swift */,
				09D669C328DAE3D5004F73CC /* WeatherManager.swift */,
				09F081FD28E1152600075468 /* NetworkManager.swift */,
			);
			path = Managers;
			sourceTree = "<group>";
		};
		09D669BE28DADF43004F73CC /* Views */ = {
			isa = PBXGroup;
			children = (
				09D669AF28DADD50004F73CC /* ContentView.swift */,
				09F081CE28DB6AAA00075468 /* HeaderView.swift */,
				09F081E228DE66EF00075468 /* ForecastView.swift */,
			);
			path = Views;
			sourceTree = "<group>";
		};
		09D669C828DAE686004F73CC /* Models */ = {
			isa = PBXGroup;
			children = (
				09D669C928DAE696004F73CC /* WeatherData.swift */,
				09F081DE28DE075B00075468 /* Forecast.swift */,
				09F081EA28E0DC3800075468 /* DailyForecast.swift */,
			);
			path = Models;
			sourceTree = "<group>";
		};
		09D669D128DAF1CC004F73CC /* Utils */ = {
			isa = PBXGroup;
			children = (
				09D669D228DAF1DB004F73CC /* Constants.swift */,
				09F081CC28DB153700075468 /* ApiClient.swift */,
				09F081D628DBBC3D00075468 /* Utils.swift */,
				09F081E828E0DB8300075468 /* DuplicateHelper.swift */,
			);
			path = Utils;
			sourceTree = "<group>";
		};
		09D669D428DAFFBD004F73CC /* ViewModels */ = {
			isa = PBXGroup;
			children = (
				09D669D528DAFFD3004F73CC /* CurrentViewModel.swift */,
				09F081E628E0D73100075468 /* ForecastViewModel.swift */,
			);
			path = ViewModels;
			sourceTree = "<group>";
		};
		09F081F128E1039800075468 /* AssessmentTests */ = {
			isa = PBXGroup;
			children = (
			);
			path = AssessmentTests;
			sourceTree = "<group>";
		};
/* End PBXGroup section */

/* Begin PBXNativeTarget section */
		09D669A928DADD50004F73CC /* Assessment */ = {
			isa = PBXNativeTarget;
			buildConfigurationList = 09D669B828DADD52004F73CC /* Build configuration list for PBXNativeTarget "Assessment" */;
			buildPhases = (
				09D669A628DADD50004F73CC /* Sources */,
				09D669A728DADD50004F73CC /* Frameworks */,
				09D669A828DADD50004F73CC /* Resources */,
			);
			buildRules = (
			);
			dependencies = (
			);
			name = Assessment;
			productName = Assessment;
			productReference = 09D669AA28DADD50004F73CC /* Assessment.app */;
			productType = "com.apple.product-type.application";
		};
		09F081EF28E1039800075468 /* AssessmentTests */ = {
			isa = PBXNativeTarget;
			buildConfigurationList = 09F081F628E1039800075468 /* Build configuration list for PBXNativeTarget "AssessmentTests" */;
			buildPhases = (
				09F081EC28E1039800075468 /* Sources */,
				09F081ED28E1039800075468 /* Frameworks */,
				09F081EE28E1039800075468 /* Resources */,
			);
			buildRules = (
			);
			dependencies = (
				09F081F528E1039800075468 /* PBXTargetDependency */,
			);
			name = AssessmentTests;
			productName = AssessmentTests;
			productReference = 09F081F028E1039800075468 /* AssessmentTests.xctest */;
			productType = "com.apple.product-type.bundle.unit-test";
		};
/* End PBXNativeTarget section */

/* Begin PBXProject section */
		09D669A228DADD50004F73CC /* Project object */ = {
			isa = PBXProject;
			attributes = {
				BuildIndependentTargetsInParallel = 1;
				LastSwiftUpdateCheck = 1400;
				LastUpgradeCheck = 1400;
				TargetAttributes = {
					09D669A928DADD50004F73CC = {
						CreatedOnToolsVersion = 14.0;
					};
					09F081EF28E1039800075468 = {
						CreatedOnToolsVersion = 14.0;
						TestTargetID = 09D669A928DADD50004F73CC;
					};
				};
			};
			buildConfigurationList = 09D669A528DADD50004F73CC /* Build configuration list for PBXProject "Assessment" */;
			compatibilityVersion = "Xcode 14.0";
			developmentRegion = en;
			hasScannedForEncodings = 0;
			knownRegions = (
				en,
				Base,
			);
			mainGroup = 09D669A128DADD50004F73CC;
			productRefGroup = 09D669AB28DADD50004F73CC /* Products */;
			projectDirPath = "";
			projectRoot = "";
			targets = (
				09D669A928DADD50004F73CC /* Assessment */,
				09F081EF28E1039800075468 /* AssessmentTests */,
			);
		};
/* End PBXProject section */

/* Begin PBXResourcesBuildPhase section */
		09D669A828DADD50004F73CC /* Resources */ = {
			isa = PBXResourcesBuildPhase;
			buildActionMask = 2147483647;
			files = (
				09D669B528DADD52004F73CC /* Preview Assets.xcassets in Resources */,
				09D669B228DADD52004F73CC /* Assets.xcassets in Resources */,
			);
			runOnlyForDeploymentPostprocessing = 0;
		};
		09F081EE28E1039800075468 /* Resources */ = {
			isa = PBXResourcesBuildPhase;
			buildActionMask = 2147483647;
			files = (
			);
			runOnlyForDeploymentPostprocessing = 0;
		};
/* End PBXResourcesBuildPhase section */

/* Begin PBXSourcesBuildPhase section */
		09D669A628DADD50004F73CC /* Sources */ = {
			isa = PBXSourcesBuildPhase;
			buildActionMask = 2147483647;
			files = (
				09F081CD28DB153700075468 /* ApiClient.swift in Sources */,
				09D669B028DADD50004F73CC /* ContentView.swift in Sources */,
				09F081DF28DE075B00075468 /* Forecast.swift in Sources */,
				09F081E728E0D73100075468 /* ForecastViewModel.swift in Sources */,
				09F081FE28E1152600075468 /* NetworkManager.swift in Sources */,
				09F081D728DBBC3D00075468 /* Utils.swift in Sources */,
				09D669D628DAFFD3004F73CC /* CurrentViewModel.swift in Sources */,
				09F081E928E0DB8300075468 /* DuplicateHelper.swift in Sources */,
				09D669CA28DAE696004F73CC /* WeatherData.swift in Sources */,
				09F081EB28E0DC3800075468 /* DailyForecast.swift in Sources */,
				09D669AE28DADD50004F73CC /* AssessmentApp.swift in Sources */,
				09D669C428DAE3D5004F73CC /* WeatherManager.swift in Sources */,
				09F081CF28DB6AAA00075468 /* HeaderView.swift in Sources */,
				09F081E328DE66EF00075468 /* ForecastView.swift in Sources */,
				09D669BD28DADDB9004F73CC /* LocationManager.swift in Sources */,
				09D669D328DAF1DB004F73CC /* Constants.swift in Sources */,
			);
			runOnlyForDeploymentPostprocessing = 0;
		};
		09F081EC28E1039800075468 /* Sources */ = {
			isa = PBXSourcesBuildPhase;
			buildActionMask = 2147483647;
			files = (
			);
			runOnlyForDeploymentPostprocessing = 0;
		};
/* End PBXSourcesBuildPhase section */

/* Begin PBXTargetDependency section */
		09F081F528E1039800075468 /* PBXTargetDependency */ = {
			isa = PBXTargetDependency;
			target = 09D669A928DADD50004F73CC /* Assessment */;
			targetProxy = 09F081F428E1039800075468 /* PBXContainerItemProxy */;
		};
/* End PBXTargetDependency section */

/* Begin XCBuildConfiguration section */
		09D669B628DADD52004F73CC /* Debug */ = {
			isa = XCBuildConfiguration;
			buildSettings = {
				ALWAYS_SEARCH_USER_PATHS = NO;
				CLANG_ANALYZER_NONNULL = YES;
				CLANG_ANALYZER_NUMBER_OBJECT_CONVERSION = YES_AGGRESSIVE;
				CLANG_CXX_LANGUAGE_STANDARD = "gnu++20";
				CLANG_ENABLE_MODULES = YES;
				CLANG_ENABLE_OBJC_ARC = YES;
				CLANG_ENABLE_OBJC_WEAK = YES;
				CLANG_WARN_BLOCK_CAPTURE_AUTORELEASING = YES;
				CLANG_WARN_BOOL_CONVERSION = YES;
				CLANG_WARN_COMMA = YES;
				CLANG_WARN_CONSTANT_CONVERSION = YES;
				CLANG_WARN_DEPRECATED_OBJC_IMPLEMENTATIONS = YES;
				CLANG_WARN_DIRECT_OBJC_ISA_USAGE = YES_ERROR;
				CLANG_WARN_DOCUMENTATION_COMMENTS = YES;
				CLANG_WARN_EMPTY_BODY = YES;
				CLANG_WARN_ENUM_CONVERSION = YES;
				CLANG_WARN_INFINITE_RECURSION = YES;
				CLANG_WARN_INT_CONVERSION = YES;
				CLANG_WARN_NON_LITERAL_NULL_CONVERSION = YES;
				CLANG_WARN_OBJC_IMPLICIT_RETAIN_SELF = YES;
				CLANG_WARN_OBJC_LITERAL_CONVERSION = YES;
				CLANG_WARN_OBJC_ROOT_CLASS = YES_ERROR;
				CLANG_WARN_QUOTED_INCLUDE_IN_FRAMEWORK_HEADER = YES;
				CLANG_WARN_RANGE_LOOP_ANALYSIS = YES;
				CLANG_WARN_STRICT_PROTOTYPES = YES;
				CLANG_WARN_SUSPICIOUS_MOVE = YES;
				CLANG_WARN_UNGUARDED_AVAILABILITY = YES_AGGRESSIVE;
				CLANG_WARN_UNREACHABLE_CODE = YES;
				CLANG_WARN__DUPLICATE_METHOD_MATCH = YES;
				COPY_PHASE_STRIP = NO;
				DEBUG_INFORMATION_FORMAT = dwarf;
				ENABLE_STRICT_OBJC_MSGSEND = YES;
				ENABLE_TESTABILITY = YES;
				GCC_C_LANGUAGE_STANDARD = gnu11;
				GCC_DYNAMIC_NO_PIC = NO;
				GCC_NO_COMMON_BLOCKS = YES;
				GCC_OPTIMIZATION_LEVEL = 0;
				GCC_PREPROCESSOR_DEFINITIONS = (
					"DEBUG=1",
					"$(inherited)",
				);
				GCC_WARN_64_TO_32_BIT_CONVERSION = YES;
				GCC_WARN_ABOUT_RETURN_TYPE = YES_ERROR;
				GCC_WARN_UNDECLARED_SELECTOR = YES;
				GCC_WARN_UNINITIALIZED_AUTOS = YES_AGGRESSIVE;
				GCC_WARN_UNUSED_FUNCTION = YES;
				GCC_WARN_UNUSED_VARIABLE = YES;
				IPHONEOS_DEPLOYMENT_TARGET = 16.0;
				MTL_ENABLE_DEBUG_INFO = INCLUDE_SOURCE;
				MTL_FAST_MATH = YES;
				ONLY_ACTIVE_ARCH = YES;
				SDKROOT = iphoneos;
				SWIFT_ACTIVE_COMPILATION_CONDITIONS = DEBUG;
				SWIFT_OPTIMIZATION_LEVEL = "-Onone";
			};
			name = Debug;
		};
		09D669B728DADD52004F73CC /* Release */ = {
			isa = XCBuildConfiguration;
			buildSettings = {
				ALWAYS_SEARCH_USER_PATHS = NO;
				CLANG_ANALYZER_NONNULL = YES;
				CLANG_ANALYZER_NUMBER_OBJECT_CONVERSION = YES_AGGRESSIVE;
				CLANG_CXX_LANGUAGE_STANDARD = "gnu++20";
				CLANG_ENABLE_MODULES = YES;
				CLANG_ENABLE_OBJC_ARC = YES;
				CLANG_ENABLE_OBJC_WEAK = YES;
				CLANG_WARN_BLOCK_CAPTURE_AUTORELEASING = YES;
				CLANG_WARN_BOOL_CONVERSION = YES;
				CLANG_WARN_COMMA = YES;
				CLANG_WARN_CONSTANT_CONVERSION = YES;
				CLANG_WARN_DEPRECATED_OBJC_IMPLEMENTATIONS = YES;
				CLANG_WARN_DIRECT_OBJC_ISA_USAGE = YES_ERROR;
				CLANG_WARN_DOCUMENTATION_COMMENTS = YES;
				CLANG_WARN_EMPTY_BODY = YES;
				CLANG_WARN_ENUM_CONVERSION = YES;
				CLANG_WARN_INFINITE_RECURSION = YES;
				CLANG_WARN_INT_CONVERSION = YES;
				CLANG_WARN_NON_LITERAL_NULL_CONVERSION = YES;
				CLANG_WARN_OBJC_IMPLICIT_RETAIN_SELF = YES;
				CLANG_WARN_OBJC_LITERAL_CONVERSION = YES;
				CLANG_WARN_OBJC_ROOT_CLASS = YES_ERROR;
				CLANG_WARN_QUOTED_INCLUDE_IN_FRAMEWORK_HEADER = YES;
				CLANG_WARN_RANGE_LOOP_ANALYSIS = YES;
				CLANG_WARN_STRICT_PROTOTYPES = YES;
				CLANG_WARN_SUSPICIOUS_MOVE = YES;
				CLANG_WARN_UNGUARDED_AVAILABILITY = YES_AGGRESSIVE;
				CLANG_WARN_UNREACHABLE_CODE = YES;
				CLANG_WARN__DUPLICATE_METHOD_MATCH = YES;
				COPY_PHASE_STRIP = NO;
				DEBUG_INFORMATION_FORMAT = "dwarf-with-dsym";
				ENABLE_NS_ASSERTIONS = NO;
				ENABLE_STRICT_OBJC_MSGSEND = YES;
				GCC_C_LANGUAGE_STANDARD = gnu11;
				GCC_NO_COMMON_BLOCKS = YES;
				GCC_WARN_64_TO_32_BIT_CONVERSION = YES;
				GCC_WARN_ABOUT_RETURN_TYPE = YES_ERROR;
				GCC_WARN_UNDECLARED_SELECTOR = YES;
				GCC_WARN_UNINITIALIZED_AUTOS = YES_AGGRESSIVE;
				GCC_WARN_UNUSED_FUNCTION = YES;
				GCC_WARN_UNUSED_VARIABLE = YES;
				IPHONEOS_DEPLOYMENT_TARGET = 16.0;
				MTL_ENABLE_DEBUG_INFO = NO;
				MTL_FAST_MATH = YES;
				SDKROOT = iphoneos;
				SWIFT_COMPILATION_MODE = wholemodule;
				SWIFT_OPTIMIZATION_LEVEL = "-O";
				VALIDATE_PRODUCT = YES;
			};
			name = Release;
		};
		09D669B928DADD52004F73CC /* Debug */ = {
			isa = XCBuildConfiguration;
			buildSettings = {
				ASSETCATALOG_COMPILER_APPICON_NAME = AppIcon;
				ASSETCATALOG_COMPILER_GLOBAL_ACCENT_COLOR_NAME = AccentColor;
				CODE_SIGN_STYLE = Automatic;
				CURRENT_PROJECT_VERSION = 1;
				DEVELOPMENT_ASSET_PATHS = "\"Assessment/Preview Content\"";
				DEVELOPMENT_TEAM = WT2R3KVP3A;
				ENABLE_PREVIEWS = YES;
				GENERATE_INFOPLIST_FILE = YES;
				INFOPLIST_FILE = Assessment/Info.plist;
				INFOPLIST_KEY_LSApplicationCategoryType = "";
				INFOPLIST_KEY_NSLocalNetworkUsageDescription = "";
				INFOPLIST_KEY_NSLocationWhenInUseUsageDescription = "";
				INFOPLIST_KEY_UIApplicationSceneManifest_Generation = YES;
				INFOPLIST_KEY_UIApplicationSupportsIndirectInputEvents = YES;
				INFOPLIST_KEY_UILaunchScreen_Generation = YES;
				INFOPLIST_KEY_UISupportedInterfaceOrientations_iPad = "UIInterfaceOrientationPortrait UIInterfaceOrientationPortraitUpsideDown UIInterfaceOrientationLandscapeLeft UIInterfaceOrientationLandscapeRight";
				INFOPLIST_KEY_UISupportedInterfaceOrientations_iPhone = "UIInterfaceOrientationPortrait UIInterfaceOrientationLandscapeLeft UIInterfaceOrientationLandscapeRight";
				LD_RUNPATH_SEARCH_PATHS = (
					"$(inherited)",
					"@executable_path/Frameworks",
				);
				MARKETING_VERSION = 1.0;
				PRODUCT_BUNDLE_IDENTIFIER = za.co.dvt.assessment.Assessment;
				PRODUCT_NAME = "$(TARGET_NAME)";
				SWIFT_EMIT_LOC_STRINGS = YES;
				SWIFT_VERSION = 5.0;
				TARGETED_DEVICE_FAMILY = "1,2";
			};
			name = Debug;
		};
		09D669BA28DADD52004F73CC /* Release */ = {
			isa = XCBuildConfiguration;
			buildSettings = {
				ASSETCATALOG_COMPILER_APPICON_NAME = AppIcon;
				ASSETCATALOG_COMPILER_GLOBAL_ACCENT_COLOR_NAME = AccentColor;
				CODE_SIGN_STYLE = Automatic;
				CURRENT_PROJECT_VERSION = 1;
				DEVELOPMENT_ASSET_PATHS = "\"Assessment/Preview Content\"";
				DEVELOPMENT_TEAM = WT2R3KVP3A;
				ENABLE_PREVIEWS = YES;
				GENERATE_INFOPLIST_FILE = YES;
				INFOPLIST_FILE = Assessment/Info.plist;
				INFOPLIST_KEY_LSApplicationCategoryType = "";
				INFOPLIST_KEY_NSLocalNetworkUsageDescription = "";
				INFOPLIST_KEY_NSLocationWhenInUseUsageDescription = "";
				INFOPLIST_KEY_UIApplicationSceneManifest_Generation = YES;
				INFOPLIST_KEY_UIApplicationSupportsIndirectInputEvents = YES;
				INFOPLIST_KEY_UILaunchScreen_Generation = YES;
				INFOPLIST_KEY_UISupportedInterfaceOrientations_iPad = "UIInterfaceOrientationPortrait UIInterfaceOrientationPortraitUpsideDown UIInterfaceOrientationLandscapeLeft UIInterfaceOrientationLandscapeRight";
				INFOPLIST_KEY_UISupportedInterfaceOrientations_iPhone = "UIInterfaceOrientationPortrait UIInterfaceOrientationLandscapeLeft UIInterfaceOrientationLandscapeRight";
				LD_RUNPATH_SEARCH_PATHS = (
					"$(inherited)",
					"@executable_path/Frameworks",
				);
				MARKETING_VERSION = 1.0;
				PRODUCT_BUNDLE_IDENTIFIER = za.co.dvt.assessment.Assessment;
				PRODUCT_NAME = "$(TARGET_NAME)";
				SWIFT_EMIT_LOC_STRINGS = YES;
				SWIFT_VERSION = 5.0;
				TARGETED_DEVICE_FAMILY = "1,2";
			};
			name = Release;
		};
		09F081F728E1039800075468 /* Debug */ = {
			isa = XCBuildConfiguration;
			buildSettings = {
				BUNDLE_LOADER = "$(TEST_HOST)";
				CODE_SIGN_STYLE = Automatic;
				CURRENT_PROJECT_VERSION = 1;
				DEVELOPMENT_TEAM = WT2R3KVP3A;
				GENERATE_INFOPLIST_FILE = YES;
				MARKETING_VERSION = 1.0;
				PRODUCT_BUNDLE_IDENTIFIER = za.co.dvt.assessment.AssessmentTests;
				PRODUCT_NAME = "$(TARGET_NAME)";
				SWIFT_EMIT_LOC_STRINGS = NO;
				SWIFT_VERSION = 5.0;
				TARGETED_DEVICE_FAMILY = "1,2";
				TEST_HOST = "$(BUILT_PRODUCTS_DIR)/Assessment.app/$(BUNDLE_EXECUTABLE_FOLDER_PATH)/Assessment";
			};
			name = Debug;
		};
		09F081F828E1039800075468 /* Release */ = {
			isa = XCBuildConfiguration;
			buildSettings = {
				BUNDLE_LOADER = "$(TEST_HOST)";
				CODE_SIGN_STYLE = Automatic;
				CURRENT_PROJECT_VERSION = 1;
				DEVELOPMENT_TEAM = WT2R3KVP3A;
				GENERATE_INFOPLIST_FILE = YES;
				MARKETING_VERSION = 1.0;
				PRODUCT_BUNDLE_IDENTIFIER = za.co.dvt.assessment.AssessmentTests;
				PRODUCT_NAME = "$(TARGET_NAME)";
				SWIFT_EMIT_LOC_STRINGS = NO;
				SWIFT_VERSION = 5.0;
				TARGETED_DEVICE_FAMILY = "1,2";
				TEST_HOST = "$(BUILT_PRODUCTS_DIR)/Assessment.app/$(BUNDLE_EXECUTABLE_FOLDER_PATH)/Assessment";
			};
			name = Release;
		};
/* End XCBuildConfiguration section */

/* Begin XCConfigurationList section */
		09D669A528DADD50004F73CC /* Build configuration list for PBXProject "Assessment" */ = {
			isa = XCConfigurationList;
			buildConfigurations = (
				09D669B628DADD52004F73CC /* Debug */,
				09D669B728DADD52004F73CC /* Release */,
			);
			defaultConfigurationIsVisible = 0;
			defaultConfigurationName = Release;
		};
		09D669B828DADD52004F73CC /* Build configuration list for PBXNativeTarget "Assessment" */ = {
			isa = XCConfigurationList;
			buildConfigurations = (
				09D669B928DADD52004F73CC /* Debug */,
				09D669BA28DADD52004F73CC /* Release */,
			);
			defaultConfigurationIsVisible = 0;
			defaultConfigurationName = Release;
		};
		09F081F628E1039800075468 /* Build configuration list for PBXNativeTarget "AssessmentTests" */ = {
			isa = XCConfigurationList;
			buildConfigurations = (
				09F081F728E1039800075468 /* Debug */,
				09F081F828E1039800075468 /* Release */,
			);
			defaultConfigurationIsVisible = 0;
			defaultConfigurationName = Release;
		};
/* End XCConfigurationList section */
	};
	rootObject = 09D669A228DADD50004F73CC /* Project object */;
}
